
Microsoft Visual Studio Solution File, Format Version 12.00
# Visual Studio Version 17
VisualStudioVersion = 17.12.35527.113
MinimumVisualStudioVersion = 10.0.40219.1
Project("{FAE04EC0-301F-11D3-BF4B-00C04F79EFBC}") = "WpfNVMWizard", "WpfNVMWizard\WpfNVMWizard.csproj", "{CC7C232F-80DE-4C32-8D8B-C584726C5739}"
EndProject
Project("{930C7802-8A8C-48F9-8165-68863BCCD9DD}") = "NVMWizardSetup", "NVMWizardSetup\NVMWizardSetup.wixproj", "{EF03A419-F1AF-441E-9B02-3AA737FB8EEF}"
EndProject
Global
	GlobalSection(SolutionConfigurationPlatforms) = preSolution
		Debug|Any CPU = Debug|Any CPU
		Debug|x86 = Debug|x86
		Release|Any CPU = Release|Any CPU
		Release|x86 = Release|x86
	EndGlobalSection
	GlobalSection(ProjectConfigurationPlatforms) = postSolution
		{CC7C232F-80DE-4C32-8D8B-C584726C5739}.Debug|Any CPU.ActiveCfg = Debug|Any CPU
		{CC7C232F-80DE-4C32-8D8B-C584726C5739}.Debug|Any CPU.Build.0 = Debug|Any CPU
		{CC7C232F-80DE-4C32-8D8B-C584726C5739}.Debug|x86.ActiveCfg = Debug|Any CPU
		{CC7C232F-80DE-4C32-8D8B-C584726C5739}.Debug|x86.Build.0 = Debug|Any CPU
		{CC7C232F-80DE-4C32-8D8B-C584726C5739}.Release|Any CPU.ActiveCfg = Release|Any CPU
		{CC7C232F-80DE-4C32-8D8B-C584726C5739}.Release|Any CPU.Build.0 = Release|Any CPU
		{CC7C232F-80DE-4C32-8D8B-C584726C5739}.Release|x86.ActiveCfg = Release|Any CPU
		{CC7C232F-80DE-4C32-8D8B-C584726C5739}.Release|x86.Build.0 = Release|Any CPU
		{EF03A419-F1AF-441E-9B02-3AA737FB8EEF}.Debug|Any CPU.ActiveCfg = Debug|x86
		{EF03A419-F1AF-441E-9B02-3AA737FB8EEF}.Debug|Any CPU.Build.0 = Debug|x86
		{EF03A419-F1AF-441E-9B02-3AA737FB8EEF}.Debug|x86.ActiveCfg = Debug|x86
		{EF03A419-F1AF-441E-9B02-3AA737FB8EEF}.Debug|x86.Build.0 = Debug|x86
		{EF03A419-F1AF-441E-9B02-3AA737FB8EEF}.Release|Any CPU.ActiveCfg = Release|x86
		{EF03A419-F1AF-441E-9B02-3AA737FB8EEF}.Release|Any CPU.Build.0 = Release|x86
		{EF03A419-F1AF-441E-9B02-3AA737FB8EEF}.Release|x86.ActiveCfg = Release|x86
		{EF03A419-F1AF-441E-9B02-3AA737FB8EEF}.Release|x86.Build.0 = Release|x86
	EndGlobalSection
	GlobalSection(SolutionProperties) = preSolution
		HideSolutionNode = FALSE
	EndGlobalSection
EndGlobal
